
Microsoft Visual Studio Solution File, Format Version 12.00
# Visual Studio Version 17
VisualStudioVersion = 17.4.33213.308
MinimumVisualStudioVersion = 10.0.40219.1
Project("{FAE04EC0-301F-11D3-BF4B-00C04F79EFBC}") = "Resolução da aula 04", "Resolução da aula 04.csproj", "{81EDB046-C645-4364-ACDE-7D10EAD50A96}"
EndProject
Global
	GlobalSection(SolutionConfigurationPlatforms) = preSolution
		Debug|Any CPU = Debug|Any CPU
		Release|Any CPU = Release|Any CPU
	EndGlobalSection
	GlobalSection(ProjectConfigurationPlatforms) = postSolution
		{81EDB046-C645-4364-ACDE-7D10EAD50A96}.Debug|Any CPU.ActiveCfg = Debug|Any CPU
		{81EDB046-C645-4364-ACDE-7D10EAD50A96}.Debug|Any CPU.Build.0 = Debug|Any CPU
		{81EDB046-C645-4364-ACDE-7D10EAD50A96}.Release|Any CPU.ActiveCfg = Release|Any CPU
		{81EDB046-C645-4364-ACDE-7D10EAD50A96}.Release|Any CPU.Build.0 = Release|Any CPU
	EndGlobalSection
	GlobalSection(SolutionProperties) = preSolution
		HideSolutionNode = FALSE
	EndGlobalSection
	GlobalSection(ExtensibilityGlobals) = postSolution
		SolutionGuid = {90D23937-0878-4030-A38D-D92CF542650B}
	EndGlobalSection
EndGlobal
